// !$*UTF8*$!
{
	archiveVersion = 1;
	classes = {
	};
	objectVersion = 56;
	objects = {

/* Begin PBXBuildFile section */
		A3532A602AC86BB600ABB174 /* DealDetailsFeatureApp.swift in Sources */ = {isa = PBXBuildFile; fileRef = A3532A5F2AC86BB600ABB174 /* DealDetailsFeatureApp.swift */; };
		A3532A622AC86BB600ABB174 /* ContentView.swift in Sources */ = {isa = PBXBuildFile; fileRef = A3532A612AC86BB600ABB174 /* ContentView.swift */; };
		A3532A642AC86BB700ABB174 /* Assets.xcassets in Resources */ = {isa = PBXBuildFile; fileRef = A3532A632AC86BB700ABB174 /* Assets.xcassets */; };
		A3532A672AC86BB700ABB174 /* Preview Assets.xcassets in Resources */ = {isa = PBXBuildFile; fileRef = A3532A662AC86BB700ABB174 /* Preview Assets.xcassets */; };
		A3532A712AC86BB700ABB174 /* DealDetailsFeatureTests.swift in Sources */ = {isa = PBXBuildFile; fileRef = A3532A702AC86BB700ABB174 /* DealDetailsFeatureTests.swift */; };
		A3532A7B2AC86BB700ABB174 /* DealDetailsFeatureUITests.swift in Sources */ = {isa = PBXBuildFile; fileRef = A3532A7A2AC86BB700ABB174 /* DealDetailsFeatureUITests.swift */; };
		A3532A7D2AC86BB700ABB174 /* DealDetailsFeatureUITestsLaunchTests.swift in Sources */ = {isa = PBXBuildFile; fileRef = A3532A7C2AC86BB700ABB174 /* DealDetailsFeatureUITestsLaunchTests.swift */; };
/* End PBXBuildFile section */

/* Begin PBXContainerItemProxy section */
		A3532A6D2AC86BB700ABB174 /* PBXContainerItemProxy */ = {
			isa = PBXContainerItemProxy;
			containerPortal = A3532A542AC86BB600ABB174 /* Project object */;
			proxyType = 1;
			remoteGlobalIDString = A3532A5B2AC86BB600ABB174;
			remoteInfo = DealDetailsFeature;
		};
		A3532A772AC86BB700ABB174 /* PBXContainerItemProxy */ = {
			isa = PBXContainerItemProxy;
			containerPortal = A3532A542AC86BB600ABB174 /* Project object */;
			proxyType = 1;
			remoteGlobalIDString = A3532A5B2AC86BB600ABB174;
			remoteInfo = DealDetailsFeature;
		};
/* End PBXContainerItemProxy section */

/* Begin PBXFileReference section */
		A3532A5C2AC86BB600ABB174 /* DealDetailsFeature.app */ = {isa = PBXFileReference; explicitFileType = wrapper.application; includeInIndex = 0; path = DealDetailsFeature.app; sourceTree = BUILT_PRODUCTS_DIR; };
		A3532A5F2AC86BB600ABB174 /* DealDetailsFeatureApp.swift */ = {isa = PBXFileReference; lastKnownFileType = sourcecode.swift; path = DealDetailsFeatureApp.swift; sourceTree = "<group>"; };
		A3532A612AC86BB600ABB174 /* ContentView.swift */ = {isa = PBXFileReference; lastKnownFileType = sourcecode.swift; path = ContentView.swift; sourceTree = "<group>"; };
		A3532A632AC86BB700ABB174 /* Assets.xcassets */ = {isa = PBXFileReference; lastKnownFileType = folder.assetcatalog; path = Assets.xcassets; sourceTree = "<group>"; };
		A3532A662AC86BB700ABB174 /* Preview Assets.xcassets */ = {isa = PBXFileReference; lastKnownFileType = folder.assetcatalog; path = "Preview Assets.xcassets"; sourceTree = "<group>"; };
		A3532A6C2AC86BB700ABB174 /* DealDetailsFeatureTests.xctest */ = {isa = PBXFileReference; explicitFileType = wrapper.cfbundle; includeInIndex = 0; path = DealDetailsFeatureTests.xctest; sourceTree = BUILT_PRODUCTS_DIR; };
		A3532A702AC86BB700ABB174 /* DealDetailsFeatureTests.swift */ = {isa = PBXFileReference; lastKnownFileType = sourcecode.swift; path = DealDetailsFeatureTests.swift; sourceTree = "<group>"; };
		A3532A762AC86BB700ABB174 /* DealDetailsFeatureUITests.xctest */ = {isa = PBXFileReference; explicitFileType = wrapper.cfbundle; includeInIndex = 0; path = DealDetailsFeatureUITests.xctest; sourceTree = BUILT_PRODUCTS_DIR; };
		A3532A7A2AC86BB700ABB174 /* DealDetailsFeatureUITests.swift */ = {isa = PBXFileReference; lastKnownFileType = sourcecode.swift; path = DealDetailsFeatureUITests.swift; sourceTree = "<group>"; };
		A3532A7C2AC86BB700ABB174 /* DealDetailsFeatureUITestsLaunchTests.swift */ = {isa = PBXFileReference; lastKnownFileType = sourcecode.swift; path = DealDetailsFeatureUITestsLaunchTests.swift; sourceTree = "<group>"; };
/* End PBXFileReference section */

/* Begin PBXFrameworksBuildPhase section */
		A3532A592AC86BB600ABB174 /* Frameworks */ = {
			isa = PBXFrameworksBuildPhase;
			buildActionMask = 2147483647;
			files = (
			);
			runOnlyForDeploymentPostprocessing = 0;
		};
		A3532A692AC86BB700ABB174 /* Frameworks */ = {
			isa = PBXFrameworksBuildPhase;
			buildActionMask = 2147483647;
			files = (
			);
			runOnlyForDeploymentPostprocessing = 0;
		};
		A3532A732AC86BB700ABB174 /* Frameworks */ = {
			isa = PBXFrameworksBuildPhase;
			buildActionMask = 2147483647;
			files = (
			);
			runOnlyForDeploymentPostprocessing = 0;
		};
/* End PBXFrameworksBuildPhase section */

/* Begin PBXGroup section */
		A3532A532AC86BB600ABB174 = {
			isa = PBXGroup;
			children = (
				A3532A5E2AC86BB600ABB174 /* DealDetailsFeature */,
				A3532A6F2AC86BB700ABB174 /* DealDetailsFeatureTests */,
				A3532A792AC86BB700ABB174 /* DealDetailsFeatureUITests */,
				A3532A5D2AC86BB600ABB174 /* Products */,
			);
			sourceTree = "<group>";
		};
		A3532A5D2AC86BB600ABB174 /* Products */ = {
			isa = PBXGroup;
			children = (
				A3532A5C2AC86BB600ABB174 /* DealDetailsFeature.app */,
				A3532A6C2AC86BB700ABB174 /* DealDetailsFeatureTests.xctest */,
				A3532A762AC86BB700ABB174 /* DealDetailsFeatureUITests.xctest */,
			);
			name = Products;
			sourceTree = "<group>";
		};
		A3532A5E2AC86BB600ABB174 /* DealDetailsFeature */ = {
			isa = PBXGroup;
			children = (
				A3532A5F2AC86BB600ABB174 /* DealDetailsFeatureApp.swift */,
				A3532A612AC86BB600ABB174 /* ContentView.swift */,
				A3532A632AC86BB700ABB174 /* Assets.xcassets */,
				A3532A652AC86BB700ABB174 /* Preview Content */,
			);
			path = DealDetailsFeature;
			sourceTree = "<group>";
		};
		A3532A652AC86BB700ABB174 /* Preview Content */ = {
			isa = PBXGroup;
			children = (
				A3532A662AC86BB700ABB174 /* Preview Assets.xcassets */,
			);
			path = "Preview Content";
			sourceTree = "<group>";
		};
		A3532A6F2AC86BB700ABB174 /* DealDetailsFeatureTests */ = {
			isa = PBXGroup;
			children = (
				A3532A702AC86BB700ABB174 /* DealDetailsFeatureTests.swift */,
			);
			path = DealDetailsFeatureTests;
			sourceTree = "<group>";
		};
		A3532A792AC86BB700ABB174 /* DealDetailsFeatureUITests */ = {
			isa = PBXGroup;
			children = (
				A3532A7A2AC86BB700ABB174 /* DealDetailsFeatureUITests.swift */,
				A3532A7C2AC86BB700ABB174 /* DealDetailsFeatureUITestsLaunchTests.swift */,
			);
			path = DealDetailsFeatureUITests;
			sourceTree = "<group>";
		};
/* End PBXGroup section */

/* Begin PBXNativeTarget section */
		A3532A5B2AC86BB600ABB174 /* DealDetailsFeature */ = {
			isa = PBXNativeTarget;
			buildConfigurationList = A3532A802AC86BB700ABB174 /* Build configuration list for PBXNativeTarget "DealDetailsFeature" */;
			buildPhases = (
				A3532A582AC86BB600ABB174 /* Sources */,
				A3532A592AC86BB600ABB174 /* Frameworks */,
				A3532A5A2AC86BB600ABB174 /* Resources */,
			);
			buildRules = (
			);
			dependencies = (
			);
			name = DealDetailsFeature;
			productName = DealDetailsFeature;
			productReference = A3532A5C2AC86BB600ABB174 /* DealDetailsFeature.app */;
			productType = "com.apple.product-type.application";
		};
		A3532A6B2AC86BB700ABB174 /* DealDetailsFeatureTests */ = {
			isa = PBXNativeTarget;
			buildConfigurationList = A3532A832AC86BB700ABB174 /* Build configuration list for PBXNativeTarget "DealDetailsFeatureTests" */;
			buildPhases = (
				A3532A682AC86BB700ABB174 /* Sources */,
				A3532A692AC86BB700ABB174 /* Frameworks */,
				A3532A6A2AC86BB700ABB174 /* Resources */,
			);
			buildRules = (
			);
			dependencies = (
				A3532A6E2AC86BB700ABB174 /* PBXTargetDependency */,
			);
			name = DealDetailsFeatureTests;
			productName = DealDetailsFeatureTests;
			productReference = A3532A6C2AC86BB700ABB174 /* DealDetailsFeatureTests.xctest */;
			productType = "com.apple.product-type.bundle.unit-test";
		};
		A3532A752AC86BB700ABB174 /* DealDetailsFeatureUITests */ = {
			isa = PBXNativeTarget;
			buildConfigurationList = A3532A862AC86BB700ABB174 /* Build configuration list for PBXNativeTarget "DealDetailsFeatureUITests" */;
			buildPhases = (
				A3532A722AC86BB700ABB174 /* Sources */,
				A3532A732AC86BB700ABB174 /* Frameworks */,
				A3532A742AC86BB700ABB174 /* Resources */,
			);
			buildRules = (
			);
			dependencies = (
				A3532A782AC86BB700ABB174 /* PBXTargetDependency */,
			);
			name = DealDetailsFeatureUITests;
			productName = DealDetailsFeatureUITests;
			productReference = A3532A762AC86BB700ABB174 /* DealDetailsFeatureUITests.xctest */;
			productType = "com.apple.product-type.bundle.ui-testing";
		};
/* End PBXNativeTarget section */

/* Begin PBXProject section */
		A3532A542AC86BB600ABB174 /* Project object */ = {
			isa = PBXProject;
			attributes = {
				BuildIndependentTargetsInParallel = 1;
				LastSwiftUpdateCheck = 1500;
				LastUpgradeCheck = 1500;
				TargetAttributes = {
					A3532A5B2AC86BB600ABB174 = {
						CreatedOnToolsVersion = 15.0;
					};
					A3532A6B2AC86BB700ABB174 = {
						CreatedOnToolsVersion = 15.0;
						TestTargetID = A3532A5B2AC86BB600ABB174;
					};
					A3532A752AC86BB700ABB174 = {
						CreatedOnToolsVersion = 15.0;
						TestTargetID = A3532A5B2AC86BB600ABB174;
					};
				};
			};
			buildConfigurationList = A3532A572AC86BB600ABB174 /* Build configuration list for PBXProject "DealDetailsFeature" */;
			compatibilityVersion = "Xcode 14.0";
			developmentRegion = en;
			hasScannedForEncodings = 0;
			knownRegions = (
				en,
				Base,
			);
			mainGroup = A3532A532AC86BB600ABB174;
			productRefGroup = A3532A5D2AC86BB600ABB174 /* Products */;
			projectDirPath = "";
			projectRoot = "";
			targets = (
				A3532A5B2AC86BB600ABB174 /* DealDetailsFeature */,
				A3532A6B2AC86BB700ABB174 /* DealDetailsFeatureTests */,
				A3532A752AC86BB700ABB174 /* DealDetailsFeatureUITests */,
			);
		};
/* End PBXProject section */

/* Begin PBXResourcesBuildPhase section */
		A3532A5A2AC86BB600ABB174 /* Resources */ = {
			isa = PBXResourcesBuildPhase;
			buildActionMask = 2147483647;
			files = (
				A3532A672AC86BB700ABB174 /* Preview Assets.xcassets in Resources */,
				A3532A642AC86BB700ABB174 /* Assets.xcassets in Resources */,
			);
			runOnlyForDeploymentPostprocessing = 0;
		};
		A3532A6A2AC86BB700ABB174 /* Resources */ = {
			isa = PBXResourcesBuildPhase;
			buildActionMask = 2147483647;
			files = (
			);
			runOnlyForDeploymentPostprocessing = 0;
		};
		A3532A742AC86BB700ABB174 /* Resources */ = {
			isa = PBXResourcesBuildPhase;
			buildActionMask = 2147483647;
			files = (
			);
			runOnlyForDeploymentPostprocessing = 0;
		};
/* End PBXResourcesBuildPhase section */

/* Begin PBXSourcesBuildPhase section */
		A3532A582AC86BB600ABB174 /* Sources */ = {
			isa = PBXSourcesBuildPhase;
			buildActionMask = 2147483647;
			files = (
				A3532A622AC86BB600ABB174 /* ContentView.swift in Sources */,
				A3532A602AC86BB600ABB174 /* DealDetailsFeatureApp.swift in Sources */,
			);
			runOnlyForDeploymentPostprocessing = 0;
		};
		A3532A682AC86BB700ABB174 /* Sources */ = {
			isa = PBXSourcesBuildPhase;
			buildActionMask = 2147483647;
			files = (
				A3532A712AC86BB700ABB174 /* DealDetailsFeatureTests.swift in Sources */,
			);
			runOnlyForDeploymentPostprocessing = 0;
		};
		A3532A722AC86BB700ABB174 /* Sources */ = {
			isa = PBXSourcesBuildPhase;
			buildActionMask = 2147483647;
			files = (
				A3532A7D2AC86BB700ABB174 /* DealDetailsFeatureUITestsLaunchTests.swift in Sources */,
				A3532A7B2AC86BB700ABB174 /* DealDetailsFeatureUITests.swift in Sources */,
			);
			runOnlyForDeploymentPostprocessing = 0;
		};
/* End PBXSourcesBuildPhase section */

/* Begin PBXTargetDependency section */
		A3532A6E2AC86BB700ABB174 /* PBXTargetDependency */ = {
			isa = PBXTargetDependency;
			target = A3532A5B2AC86BB600ABB174 /* DealDetailsFeature */;
			targetProxy = A3532A6D2AC86BB700ABB174 /* PBXContainerItemProxy */;
		};
		A3532A782AC86BB700ABB174 /* PBXTargetDependency */ = {
			isa = PBXTargetDependency;
			target = A3532A5B2AC86BB600ABB174 /* DealDetailsFeature */;
			targetProxy = A3532A772AC86BB700ABB174 /* PBXContainerItemProxy */;
		};
/* End PBXTargetDependency section */

/* Begin XCBuildConfiguration section */
		A3532A7E2AC86BB700ABB174 /* Debug */ = {
			isa = XCBuildConfiguration;
			buildSettings = {
				ALWAYS_SEARCH_USER_PATHS = NO;
				ASSETCATALOG_COMPILER_GENERATE_SWIFT_ASSET_SYMBOL_EXTENSIONS = YES;
				CLANG_ANALYZER_NONNULL = YES;
				CLANG_ANALYZER_NUMBER_OBJECT_CONVERSION = YES_AGGRESSIVE;
				CLANG_CXX_LANGUAGE_STANDARD = "gnu++20";
				CLANG_ENABLE_MODULES = YES;
				CLANG_ENABLE_OBJC_ARC = YES;
				CLANG_ENABLE_OBJC_WEAK = YES;
				CLANG_WARN_BLOCK_CAPTURE_AUTORELEASING = YES;
				CLANG_WARN_BOOL_CONVERSION = YES;
				CLANG_WARN_COMMA = YES;
				CLANG_WARN_CONSTANT_CONVERSION = YES;
				CLANG_WARN_DEPRECATED_OBJC_IMPLEMENTATIONS = YES;
				CLANG_WARN_DIRECT_OBJC_ISA_USAGE = YES_ERROR;
				CLANG_WARN_DOCUMENTATION_COMMENTS = YES;
				CLANG_WARN_EMPTY_BODY = YES;
				CLANG_WARN_ENUM_CONVERSION = YES;
				CLANG_WARN_INFINITE_RECURSION = YES;
				CLANG_WARN_INT_CONVERSION = YES;
				CLANG_WARN_NON_LITERAL_NULL_CONVERSION = YES;
				CLANG_WARN_OBJC_IMPLICIT_RETAIN_SELF = YES;
				CLANG_WARN_OBJC_LITERAL_CONVERSION = YES;
				CLANG_WARN_OBJC_ROOT_CLASS = YES_ERROR;
				CLANG_WARN_QUOTED_INCLUDE_IN_FRAMEWORK_HEADER = YES;
				CLANG_WARN_RANGE_LOOP_ANALYSIS = YES;
				CLANG_WARN_STRICT_PROTOTYPES = YES;
				CLANG_WARN_SUSPICIOUS_MOVE = YES;
				CLANG_WARN_UNGUARDED_AVAILABILITY = YES_AGGRESSIVE;
				CLANG_WARN_UNREACHABLE_CODE = YES;
				CLANG_WARN__DUPLICATE_METHOD_MATCH = YES;
				COPY_PHASE_STRIP = NO;
				DEBUG_INFORMATION_FORMAT = dwarf;
				ENABLE_STRICT_OBJC_MSGSEND = YES;
				ENABLE_TESTABILITY = YES;
				ENABLE_USER_SCRIPT_SANDBOXING = YES;
				GCC_C_LANGUAGE_STANDARD = gnu17;
				GCC_DYNAMIC_NO_PIC = NO;
				GCC_NO_COMMON_BLOCKS = YES;
				GCC_OPTIMIZATION_LEVEL = 0;
				GCC_PREPROCESSOR_DEFINITIONS = (
					"DEBUG=1",
					"$(inherited)",
				);
				GCC_WARN_64_TO_32_BIT_CONVERSION = YES;
				GCC_WARN_ABOUT_RETURN_TYPE = YES_ERROR;
				GCC_WARN_UNDECLARED_SELECTOR = YES;
				GCC_WARN_UNINITIALIZED_AUTOS = YES_AGGRESSIVE;
				GCC_WARN_UNUSED_FUNCTION = YES;
				GCC_WARN_UNUSED_VARIABLE = YES;
				IPHONEOS_DEPLOYMENT_TARGET = 17.0;
				LOCALIZATION_PREFERS_STRING_CATALOGS = YES;
				MTL_ENABLE_DEBUG_INFO = INCLUDE_SOURCE;
				MTL_FAST_MATH = YES;
				ONLY_ACTIVE_ARCH = YES;
				SDKROOT = iphoneos;
				SWIFT_ACTIVE_COMPILATION_CONDITIONS = "DEBUG $(inherited)";
				SWIFT_OPTIMIZATION_LEVEL = "-Onone";
			};
			name = Debug;
		};
		A3532A7F2AC86BB700ABB174 /* Release */ = {
			isa = XCBuildConfiguration;
			buildSettings = {
				ALWAYS_SEARCH_USER_PATHS = NO;
				ASSETCATALOG_COMPILER_GENERATE_SWIFT_ASSET_SYMBOL_EXTENSIONS = YES;
				CLANG_ANALYZER_NONNULL = YES;
				CLANG_ANALYZER_NUMBER_OBJECT_CONVERSION = YES_AGGRESSIVE;
				CLANG_CXX_LANGUAGE_STANDARD = "gnu++20";
				CLANG_ENABLE_MODULES = YES;
				CLANG_ENABLE_OBJC_ARC = YES;
				CLANG_ENABLE_OBJC_WEAK = YES;
				CLANG_WARN_BLOCK_CAPTURE_AUTORELEASING = YES;
				CLANG_WARN_BOOL_CONVERSION = YES;
				CLANG_WARN_COMMA = YES;
				CLANG_WARN_CONSTANT_CONVERSION = YES;
				CLANG_WARN_DEPRECATED_OBJC_IMPLEMENTATIONS = YES;
				CLANG_WARN_DIRECT_OBJC_ISA_USAGE = YES_ERROR;
				CLANG_WARN_DOCUMENTATION_COMMENTS = YES;
				CLANG_WARN_EMPTY_BODY = YES;
				CLANG_WARN_ENUM_CONVERSION = YES;
				CLANG_WARN_INFINITE_RECURSION = YES;
				CLANG_WARN_INT_CONVERSION = YES;
				CLANG_WARN_NON_LITERAL_NULL_CONVERSION = YES;
				CLANG_WARN_OBJC_IMPLICIT_RETAIN_SELF = YES;
				CLANG_WARN_OBJC_LITERAL_CONVERSION = YES;
				CLANG_WARN_OBJC_ROOT_CLASS = YES_ERROR;
				CLANG_WARN_QUOTED_INCLUDE_IN_FRAMEWORK_HEADER = YES;
				CLANG_WARN_RANGE_LOOP_ANALYSIS = YES;
				CLANG_WARN_STRICT_PROTOTYPES = YES;
				CLANG_WARN_SUSPICIOUS_MOVE = YES;
				CLANG_WARN_UNGUARDED_AVAILABILITY = YES_AGGRESSIVE;
				CLANG_WARN_UNREACHABLE_CODE = YES;
				CLANG_WARN__DUPLICATE_METHOD_MATCH = YES;
				COPY_PHASE_STRIP = NO;
				DEBUG_INFORMATION_FORMAT = "dwarf-with-dsym";
				ENABLE_NS_ASSERTIONS = NO;
				ENABLE_STRICT_OBJC_MSGSEND = YES;
				ENABLE_USER_SCRIPT_SANDBOXING = YES;
				GCC_C_LANGUAGE_STANDARD = gnu17;
				GCC_NO_COMMON_BLOCKS = YES;
				GCC_WARN_64_TO_32_BIT_CONVERSION = YES;
				GCC_WARN_ABOUT_RETURN_TYPE = YES_ERROR;
				GCC_WARN_UNDECLARED_SELECTOR = YES;
				GCC_WARN_UNINITIALIZED_AUTOS = YES_AGGRESSIVE;
				GCC_WARN_UNUSED_FUNCTION = YES;
				GCC_WARN_UNUSED_VARIABLE = YES;
				IPHONEOS_DEPLOYMENT_TARGET = 17.0;
				LOCALIZATION_PREFERS_STRING_CATALOGS = YES;
				MTL_ENABLE_DEBUG_INFO = NO;
				MTL_FAST_MATH = YES;
				SDKROOT = iphoneos;
				SWIFT_COMPILATION_MODE = wholemodule;
				VALIDATE_PRODUCT = YES;
			};
			name = Release;
		};
		A3532A812AC86BB700ABB174 /* Debug */ = {
			isa = XCBuildConfiguration;
			buildSettings = {
				ASSETCATALOG_COMPILER_APPICON_NAME = AppIcon;
				ASSETCATALOG_COMPILER_GLOBAL_ACCENT_COLOR_NAME = AccentColor;
				CODE_SIGN_STYLE = Automatic;
				CURRENT_PROJECT_VERSION = 1;
				DEVELOPMENT_ASSET_PATHS = "\"DealDetailsFeature/Preview Content\"";
				DEVELOPMENT_TEAM = G67PJ5SDLQ;
				ENABLE_PREVIEWS = YES;
				GENERATE_INFOPLIST_FILE = YES;
				INFOPLIST_KEY_UIApplicationSceneManifest_Generation = YES;
				INFOPLIST_KEY_UIApplicationSupportsIndirectInputEvents = YES;
				INFOPLIST_KEY_UILaunchScreen_Generation = YES;
				INFOPLIST_KEY_UISupportedInterfaceOrientations_iPad = "UIInterfaceOrientationPortrait UIInterfaceOrientationPortraitUpsideDown UIInterfaceOrientationLandscapeLeft UIInterfaceOrientationLandscapeRight";
				INFOPLIST_KEY_UISupportedInterfaceOrientations_iPhone = "UIInterfaceOrientationPortrait UIInterfaceOrientationLandscapeLeft UIInterfaceOrientationLandscapeRight";
				LD_RUNPATH_SEARCH_PATHS = (
					"$(inherited)",
					"@executable_path/Frameworks",
				);
				MARKETING_VERSION = 1.0;
				PRODUCT_BUNDLE_IDENTIFIER = "com.vanessa-flores.DealDetailsFeature";
				PRODUCT_NAME = "$(TARGET_NAME)";
				SWIFT_EMIT_LOC_STRINGS = YES;
				SWIFT_VERSION = 5.0;
				TARGETED_DEVICE_FAMILY = "1,2";
			};
			name = Debug;
		};
		A3532A822AC86BB700ABB174 /* Release */ = {
			isa = XCBuildConfiguration;
			buildSettings = {
				ASSETCATALOG_COMPILER_APPICON_NAME = AppIcon;
				ASSETCATALOG_COMPILER_GLOBAL_ACCENT_COLOR_NAME = AccentColor;
				CODE_SIGN_STYLE = Automatic;
				CURRENT_PROJECT_VERSION = 1;
				DEVELOPMENT_ASSET_PATHS = "\"DealDetailsFeature/Preview Content\"";
				DEVELOPMENT_TEAM = G67PJ5SDLQ;
				ENABLE_PREVIEWS = YES;
				GENERATE_INFOPLIST_FILE = YES;
				INFOPLIST_KEY_UIApplicationSceneManifest_Generation = YES;
				INFOPLIST_KEY_UIApplicationSupportsIndirectInputEvents = YES;
				INFOPLIST_KEY_UILaunchScreen_Generation = YES;
				INFOPLIST_KEY_UISupportedInterfaceOrientations_iPad = "UIInterfaceOrientationPortrait UIInterfaceOrientationPortraitUpsideDown UIInterfaceOrientationLandscapeLeft UIInterfaceOrientationLandscapeRight";
				INFOPLIST_KEY_UISupportedInterfaceOrientations_iPhone = "UIInterfaceOrientationPortrait UIInterfaceOrientationLandscapeLeft UIInterfaceOrientationLandscapeRight";
				LD_RUNPATH_SEARCH_PATHS = (
					"$(inherited)",
					"@executable_path/Frameworks",
				);
				MARKETING_VERSION = 1.0;
				PRODUCT_BUNDLE_IDENTIFIER = "com.vanessa-flores.DealDetailsFeature";
				PRODUCT_NAME = "$(TARGET_NAME)";
				SWIFT_EMIT_LOC_STRINGS = YES;
				SWIFT_VERSION = 5.0;
				TARGETED_DEVICE_FAMILY = "1,2";
			};
			name = Release;
		};
		A3532A842AC86BB700ABB174 /* Debug */ = {
			isa = XCBuildConfiguration;
			buildSettings = {
				ALWAYS_EMBED_SWIFT_STANDARD_LIBRARIES = YES;
				BUNDLE_LOADER = "$(TEST_HOST)";
				CODE_SIGN_STYLE = Automatic;
				CURRENT_PROJECT_VERSION = 1;
				DEVELOPMENT_TEAM = G67PJ5SDLQ;
				GENERATE_INFOPLIST_FILE = YES;
				IPHONEOS_DEPLOYMENT_TARGET = 17.0;
				MARKETING_VERSION = 1.0;
				PRODUCT_BUNDLE_IDENTIFIER = "com.vanessa-flores.DealDetailsFeatureTests";
				PRODUCT_NAME = "$(TARGET_NAME)";
				SWIFT_EMIT_LOC_STRINGS = NO;
				SWIFT_VERSION = 5.0;
				TARGETED_DEVICE_FAMILY = "1,2";
				TEST_HOST = "$(BUILT_PRODUCTS_DIR)/DealDetailsFeature.app/$(BUNDLE_EXECUTABLE_FOLDER_PATH)/DealDetailsFeature";
			};
			name = Debug;
		};
		A3532A852AC86BB700ABB174 /* Release */ = {
			isa = XCBuildConfiguration;
			buildSettings = {
				ALWAYS_EMBED_SWIFT_STANDARD_LIBRARIES = YES;
				BUNDLE_LOADER = "$(TEST_HOST)";
				CODE_SIGN_STYLE = Automatic;
				CURRENT_PROJECT_VERSION = 1;
				DEVELOPMENT_TEAM = G67PJ5SDLQ;
				GENERATE_INFOPLIST_FILE = YES;
				IPHONEOS_DEPLOYMENT_TARGET = 17.0;
				MARKETING_VERSION = 1.0;
				PRODUCT_BUNDLE_IDENTIFIER = "com.vanessa-flores.DealDetailsFeatureTests";
				PRODUCT_NAME = "$(TARGET_NAME)";
				SWIFT_EMIT_LOC_STRINGS = NO;
				SWIFT_VERSION = 5.0;
				TARGETED_DEVICE_FAMILY = "1,2";
				TEST_HOST = "$(BUILT_PRODUCTS_DIR)/DealDetailsFeature.app/$(BUNDLE_EXECUTABLE_FOLDER_PATH)/DealDetailsFeature";
			};
			name = Release;
		};
		A3532A872AC86BB700ABB174 /* Debug */ = {
			isa = XCBuildConfiguration;
			buildSettings = {
				ALWAYS_EMBED_SWIFT_STANDARD_LIBRARIES = YES;
				CODE_SIGN_STYLE = Automatic;
				CURRENT_PROJECT_VERSION = 1;
				DEVELOPMENT_TEAM = G67PJ5SDLQ;
				GENERATE_INFOPLIST_FILE = YES;
				MARKETING_VERSION = 1.0;
				PRODUCT_BUNDLE_IDENTIFIER = "com.vanessa-flores.DealDetailsFeatureUITests";
				PRODUCT_NAME = "$(TARGET_NAME)";
				SWIFT_EMIT_LOC_STRINGS = NO;
				SWIFT_VERSION = 5.0;
				TARGETED_DEVICE_FAMILY = "1,2";
				TEST_TARGET_NAME = DealDetailsFeature;
			};
			name = Debug;
		};
		A3532A882AC86BB700ABB174 /* Release */ = {
			isa = XCBuildConfiguration;
			buildSettings = {
				ALWAYS_EMBED_SWIFT_STANDARD_LIBRARIES = YES;
				CODE_SIGN_STYLE = Automatic;
				CURRENT_PROJECT_VERSION = 1;
				DEVELOPMENT_TEAM = G67PJ5SDLQ;
				GENERATE_INFOPLIST_FILE = YES;
				MARKETING_VERSION = 1.0;
				PRODUCT_BUNDLE_IDENTIFIER = "com.vanessa-flores.DealDetailsFeatureUITests";
				PRODUCT_NAME = "$(TARGET_NAME)";
				SWIFT_EMIT_LOC_STRINGS = NO;
				SWIFT_VERSION = 5.0;
				TARGETED_DEVICE_FAMILY = "1,2";
				TEST_TARGET_NAME = DealDetailsFeature;
			};
			name = Release;
		};
/* End XCBuildConfiguration section */

/* Begin XCConfigurationList section */
		A3532A572AC86BB600ABB174 /* Build configuration list for PBXProject "DealDetailsFeature" */ = {
			isa = XCConfigurationList;
			buildConfigurations = (
				A3532A7E2AC86BB700ABB174 /* Debug */,
				A3532A7F2AC86BB700ABB174 /* Release */,
			);
			defaultConfigurationIsVisible = 0;
			defaultConfigurationName = Release;
		};
		A3532A802AC86BB700ABB174 /* Build configuration list for PBXNativeTarget "DealDetailsFeature" */ = {
			isa = XCConfigurationList;
			buildConfigurations = (
				A3532A812AC86BB700ABB174 /* Debug */,
				A3532A822AC86BB700ABB174 /* Release */,
			);
			defaultConfigurationIsVisible = 0;
			defaultConfigurationName = Release;
		};
		A3532A832AC86BB700ABB174 /* Build configuration list for PBXNativeTarget "DealDetailsFeatureTests" */ = {
			isa = XCConfigurationList;
			buildConfigurations = (
				A3532A842AC86BB700ABB174 /* Debug */,
				A3532A852AC86BB700ABB174 /* Release */,
			);
			defaultConfigurationIsVisible = 0;
			defaultConfigurationName = Release;
		};
		A3532A862AC86BB700ABB174 /* Build configuration list for PBXNativeTarget "DealDetailsFeatureUITests" */ = {
			isa = XCConfigurationList;
			buildConfigurations = (
				A3532A872AC86BB700ABB174 /* Debug */,
				A3532A882AC86BB700ABB174 /* Release */,
			);
			defaultConfigurationIsVisible = 0;
			defaultConfigurationName = Release;
		};
/* End XCConfigurationList section */
	};
	rootObject = A3532A542AC86BB600ABB174 /* Project object */;
}
